{
  "projects": [
    {
      "projectId": "a2wd5TTAMQh5B8b8Pk5nmR",
      "version": "latest",
      "dependencies": {},
      "lang": "js",
      "fileLocks": [
        {
          "type": "globalVariant",
          "assetId": "FB7MESYzDJcb",
          "checksum": "28782f442876ac5c9e63cd19d6f5baf5"
        },
        {
          "assetId": "a2wd5TTAMQh5B8b8Pk5nmR",
          "type": "projectCss",
          "checksum": "d2b29ff872f1638cd3b1eaca395c5065"
        },
        {
          "type": "renderModule",
          "assetId": "dqAQpEVZbPGV",
          "checksum": "ca25742fac05dadec6e21ed2263daf61"
        },
        {
          "type": "cssRules",
          "assetId": "dqAQpEVZbPGV",
          "checksum": "ca25742fac05dadec6e21ed2263daf61"
        },
        {
          "type": "renderModule",
          "assetId": "vyzfkHG1QrLo",
          "checksum": "eb554f5fa891554ad6164ebf6ad9f9a9"
        },
        {
          "type": "cssRules",
          "assetId": "vyzfkHG1QrLo",
          "checksum": "eb554f5fa891554ad6164ebf6ad9f9a9"
        },
        {
          "type": "icon",
          "assetId": "JMlym5aqGOV2",
          "checksum": "085e80a5a8f3d613482a6b8456823959"
        },
        {
          "type": "icon",
          "assetId": "mIORS7ii_inY",
          "checksum": "a6e4cb68828cbc6a4a1b7f325c5129aa"
        },
        {
          "type": "icon",
          "assetId": "7o4wOEjkZ9It",
          "checksum": "699eba0cc3dca38d941b9c817787f0cd"
        },
        {
          "type": "icon",
          "assetId": "gIdZkhOyRiKk",
          "checksum": "4c0bd6b1323d6c388471cc2846e37425"
        },
        {
          "type": "icon",
          "assetId": "03A-_2aQ1Huv",
          "checksum": "9251c4e1ce5391b78f09f81b9739baf7"
        },
        {
          "type": "icon",
          "assetId": "7PyANKj6uMtH",
          "checksum": "c448be091f1db64f04348da2e6033dd6"
        },
        {
          "type": "icon",
          "assetId": "ORTABW7Q1ef-",
          "checksum": "c704e8f4d39d0a8fe7c6ababec3286c9"
        },
        {
          "type": "icon",
          "assetId": "aX-LlgX495Sb",
          "checksum": "9d9f66cf7f85b9ca89225c31a35ef2f5"
        },
        {
          "type": "icon",
          "assetId": "T-Or6OVf6Mfu",
          "checksum": "ab5fc8f7d1c78aa5f32a33610e79ad84"
        },
        {
          "type": "icon",
          "assetId": "m9cSViJCnFtm",
          "checksum": "bcd0f39bbc1c70348b62b3aa67983f04"
        },
        {
          "type": "icon",
          "assetId": "yeDbZ3LPrkOZ",
          "checksum": "254458e3367f0cec2ec0decc1200ea90"
        },
        {
          "type": "icon",
          "assetId": "HQot8ae03YON",
          "checksum": "70800026311a6e23f07d709582492b6c"
        },
        {
          "type": "image",
          "assetId": "PTZGGpVRJcDm",
          "checksum": "5432e11932bc485b19021393d9eb986f"
        },
        {
          "type": "image",
          "assetId": "njMlG-QbLvoU",
          "checksum": "be32edb5f39a45019be87545877dbd82"
        },
        {
          "type": "image",
          "assetId": "sYU6UFG9D02I",
          "checksum": "a906281029323ce17177411bc340944e"
        },
        {
          "type": "image",
          "assetId": "JoTq-69EiWyU",
          "checksum": "eea436b2a8f25af02d664e556186537e"
        },
        {
          "type": "image",
          "assetId": "U_nq2i0ah2qJ",
          "checksum": "6831b2b9f3a8049fdbe42609ea33a755"
        },
        {
          "type": "image",
          "assetId": "sron6VVNLjbU",
          "checksum": "538ce401879d5676708fbd34e146177a"
        },
        {
          "type": "image",
          "assetId": "hIyr90ufZB-J",
          "checksum": "10c793e66125af0998c39e4d4ed40053"
        },
        {
          "type": "image",
          "assetId": "yJik41ItpeIn",
          "checksum": "8019f9237b433982491f9057175c9c85"
        },
        {
          "type": "image",
          "assetId": "AvJJqcHVeVTi",
          "checksum": "dbed6615bf9227de5a553d96f2116ab8"
        },
        {
          "type": "image",
          "assetId": "pmGHh5e7KCp3",
          "checksum": "a83a13e91e060b8152d2574d48807962"
        },
        {
          "type": "image",
          "assetId": "4EEZxsWXG1Yi",
          "checksum": "335ba69adc7c5b33f9119bd5c0675ba6"
        },
        {
          "type": "image",
          "assetId": "UiCDtcnS7i2M",
          "checksum": "fc50bb83c521d0842eaf53c5d9bfed1e"
        },
        {
          "type": "image",
          "assetId": "Ht80wvCWXJXX",
          "checksum": "19948e88fe47df6c158c4eb52f4edff5"
        },
        {
          "type": "image",
          "assetId": "45iltt-9QADt",
          "checksum": "577e1affd46ad31325490a708d67c240"
        },
        {
          "type": "image",
          "assetId": "JEG9Sqt02VMe",
          "checksum": "942842553590edbadecdb6ad7edacf66"
        },
        {
          "type": "image",
          "assetId": "ehoVC8KucOkn",
          "checksum": "d3c1b7d665430136f95de3e29608edf3"
        },
        {
          "type": "image",
          "assetId": "6FTbS1SDgKAJ",
          "checksum": "bbaecfe813ea0d52cf45b61aa38c5c4b"
        },
        {
          "type": "image",
          "assetId": "5NakMcU4jYN8",
          "checksum": "a043dd1b55661db257b6ebadd89c7386"
        },
        {
          "type": "image",
          "assetId": "1HS0SDRe2piy",
          "checksum": "8356f33c196cf90af6fa07775ad0f54d"
        },
        {
          "type": "image",
          "assetId": "24nOYIXE7aoi",
          "checksum": "66dcb3d38fdc7fab1fc35dc669a213a3"
        },
        {
          "type": "image",
          "assetId": "iIkxIXnVVAud",
          "checksum": "ebeae3a258ac9d83d2d9bdcd590a55d6"
        },
        {
          "type": "image",
          "assetId": "lT1PvC8xE-ma",
          "checksum": "dea7daffb560371989667ead65de1059"
        },
        {
          "type": "image",
          "assetId": "NDGOX-h6uCMR",
          "checksum": "b3b0c4470f67a14a20457d2235293300"
        },
        {
          "type": "image",
          "assetId": "kl0KTgZtmXnS",
          "checksum": "fc773ba63a6af02afccfdd220ad9f6d2"
        },
        {
          "type": "image",
          "assetId": "v0Xy6yEzBBRT",
          "checksum": "fb9da9b03f407f4a6ce6e36df7bcac0c"
        },
        {
          "type": "image",
          "assetId": "ezzNrLzGlSQm",
          "checksum": "6c25048665f1b3ca754116977027f723"
        },
        {
          "type": "image",
          "assetId": "EDogY2_v2ToY",
          "checksum": "d1ac728c2d7e3ea6427036359eae927a"
        },
        {
          "type": "image",
          "assetId": "MPBhtoJNBFf9",
          "checksum": "c63544c27c352a1872d9470bbde90e30"
        },
        {
          "type": "image",
          "assetId": "6EXxhI2sA-1k",
          "checksum": "d9c478e2ee4fe2d36dc2b0c8d1d5a90e"
        },
        {
          "type": "image",
          "assetId": "mZhpmsuNvxFC",
          "checksum": "564640ed0fe3b78be2a46dee8f0cefa7"
        },
        {
          "type": "image",
          "assetId": "h9uNMdlMHYje",
          "checksum": "839547e5ffba76acffc282a30a4b4072"
        },
        {
          "type": "image",
          "assetId": "eMYpM9Nk4KMZ",
          "checksum": "df7c06e3c7e57aa796106ad638c62bcf"
        }
      ],
      "codegenVersion": "0.0.1"
    }
  ],
  "cliVersion": "0.1.337"
}
